
Microsoft Visual Studio Solution File, Format Version 12.00
# Visual Studio Version 16
VisualStudioVersion = 16.0.30011.22
MinimumVisualStudioVersion = 10.0.40219.1
Project("{FAE04EC0-301F-11D3-BF4B-00C04F79EFBC}") = "DesafioTrilhaDoConhecimento", "DesafioTrilhaDoConhecimento\DesafioTrilhaDoConhecimento.csproj", "{0EC1AC89-7DD3-47F5-8595-18198F385EC1}"
EndProject
Project("{FAE04EC0-301F-11D3-BF4B-00C04F79EFBC}") = "DataBase", "DataBase\DataBase.csproj", "{EFB3F419-622E-411A-BD58-4AECDE65273D}"
EndProject
Global
	GlobalSection(SolutionConfigurationPlatforms) = preSolution
		Debug|Any CPU = Debug|Any CPU
		Release|Any CPU = Release|Any CPU
	EndGlobalSection
	GlobalSection(ProjectConfigurationPlatforms) = postSolution
		{0EC1AC89-7DD3-47F5-8595-18198F385EC1}.Debug|Any CPU.ActiveCfg = Debug|Any CPU
		{0EC1AC89-7DD3-47F5-8595-18198F385EC1}.Debug|Any CPU.Build.0 = Debug|Any CPU
		{0EC1AC89-7DD3-47F5-8595-18198F385EC1}.Release|Any CPU.ActiveCfg = Release|Any CPU
		{0EC1AC89-7DD3-47F5-8595-18198F385EC1}.Release|Any CPU.Build.0 = Release|Any CPU
		{EFB3F419-622E-411A-BD58-4AECDE65273D}.Debug|Any CPU.ActiveCfg = Debug|Any CPU
		{EFB3F419-622E-411A-BD58-4AECDE65273D}.Debug|Any CPU.Build.0 = Debug|Any CPU
		{EFB3F419-622E-411A-BD58-4AECDE65273D}.Release|Any CPU.ActiveCfg = Release|Any CPU
		{EFB3F419-622E-411A-BD58-4AECDE65273D}.Release|Any CPU.Build.0 = Release|Any CPU
	EndGlobalSection
	GlobalSection(SolutionProperties) = preSolution
		HideSolutionNode = FALSE
	EndGlobalSection
	GlobalSection(ExtensibilityGlobals) = postSolution
		SolutionGuid = {CD44DD2C-78E3-4BBE-9FBC-14B8D3C8BE07}
	EndGlobalSection
EndGlobal
